
Microsoft Visual Studio Solution File, Format Version 12.00
Project("{FAE04EC0-301F-11D3-BF4B-00C04F79EFBC}") = "TextFileGenerator", "TextFileGenerator\TextFileGenerator.csproj", "{2239BC68-4EE0-430C-824B-A3F8748A23D3}"
EndProject
Global
	GlobalSection(SolutionConfigurationPlatforms) = preSolution
		Debug|Any CPU = Debug|Any CPU
		Release|Any CPU = Release|Any CPU
	EndGlobalSection
	GlobalSection(ProjectConfigurationPlatforms) = postSolution
		{2239BC68-4EE0-430C-824B-A3F8748A23D3}.Debug|Any CPU.ActiveCfg = Debug|Any CPU
		{2239BC68-4EE0-430C-824B-A3F8748A23D3}.Debug|Any CPU.Build.0 = Debug|Any CPU
		{2239BC68-4EE0-430C-824B-A3F8748A23D3}.Release|Any CPU.ActiveCfg = Release|Any CPU
		{2239BC68-4EE0-430C-824B-A3F8748A23D3}.Release|Any CPU.Build.0 = Release|Any CPU
	EndGlobalSection
EndGlobal
